// !$*UTF8*$!
{
	archiveVersion = 1;
	classes = {
	};
	objectVersion = 46;
	objects = {

/* Begin PBXBuildFile section */
		579979D01DD73981001968F4 /* AppDelegate.swift in Sources */ = {isa = PBXBuildFile; fileRef = 579979CF1DD73981001968F4 /* AppDelegate.swift */; };
		579979D21DD73981001968F4 /* SignInVC.swift in Sources */ = {isa = PBXBuildFile; fileRef = 579979D11DD73981001968F4 /* SignInVC.swift */; };
		579979D51DD73981001968F4 /* Main.storyboard in Resources */ = {isa = PBXBuildFile; fileRef = 579979D31DD73981001968F4 /* Main.storyboard */; };
		579979D71DD73981001968F4 /* Assets.xcassets in Resources */ = {isa = PBXBuildFile; fileRef = 579979D61DD73981001968F4 /* Assets.xcassets */; };
		579979DA1DD73981001968F4 /* LaunchScreen.storyboard in Resources */ = {isa = PBXBuildFile; fileRef = 579979D81DD73981001968F4 /* LaunchScreen.storyboard */; };
		579979E21DD73A62001968F4 /* GoogleService-Info.plist in Resources */ = {isa = PBXBuildFile; fileRef = 579979E11DD73A62001968F4 /* GoogleService-Info.plist */; };
		C91C705FBE2B3B85F4D4CD17 /* Pods_SocialFeed.framework in Frameworks */ = {isa = PBXBuildFile; fileRef = 8B4F9C83F32DE684F4AF0DFF /* Pods_SocialFeed.framework */; };
/* End PBXBuildFile section */

/* Begin PBXFileReference section */
		579979CC1DD73981001968F4 /* SocialFeed.app */ = {isa = PBXFileReference; explicitFileType = wrapper.application; includeInIndex = 0; path = SocialFeed.app; sourceTree = BUILT_PRODUCTS_DIR; };
		579979CF1DD73981001968F4 /* AppDelegate.swift */ = {isa = PBXFileReference; lastKnownFileType = sourcecode.swift; path = AppDelegate.swift; sourceTree = "<group>"; };
		579979D11DD73981001968F4 /* SignInVC.swift */ = {isa = PBXFileReference; lastKnownFileType = sourcecode.swift; path = SignInVC.swift; sourceTree = "<group>"; };
		579979D41DD73981001968F4 /* Base */ = {isa = PBXFileReference; lastKnownFileType = file.storyboard; name = Base; path = Base.lproj/Main.storyboard; sourceTree = "<group>"; };
		579979D61DD73981001968F4 /* Assets.xcassets */ = {isa = PBXFileReference; lastKnownFileType = folder.assetcatalog; path = Assets.xcassets; sourceTree = "<group>"; };
		579979D91DD73981001968F4 /* Base */ = {isa = PBXFileReference; lastKnownFileType = file.storyboard; name = Base; path = Base.lproj/LaunchScreen.storyboard; sourceTree = "<group>"; };
		579979DB1DD73981001968F4 /* Info.plist */ = {isa = PBXFileReference; lastKnownFileType = text.plist.xml; path = Info.plist; sourceTree = "<group>"; };
		579979E11DD73A62001968F4 /* GoogleService-Info.plist */ = {isa = PBXFileReference; fileEncoding = 4; lastKnownFileType = text.plist.xml; path = "GoogleService-Info.plist"; sourceTree = "<group>"; };
		7D1FFBFE1C888FB4B9062693 /* Pods-SocialFeed.release.xcconfig */ = {isa = PBXFileReference; includeInIndex = 1; lastKnownFileType = text.xcconfig; name = "Pods-SocialFeed.release.xcconfig"; path = "Pods/Target Support Files/Pods-SocialFeed/Pods-SocialFeed.release.xcconfig"; sourceTree = "<group>"; };
		8B4F9C83F32DE684F4AF0DFF /* Pods_SocialFeed.framework */ = {isa = PBXFileReference; explicitFileType = wrapper.framework; includeInIndex = 0; path = Pods_SocialFeed.framework; sourceTree = BUILT_PRODUCTS_DIR; };
		A635D866790DDB62462A0B46 /* Pods-SocialFeed.debug.xcconfig */ = {isa = PBXFileReference; includeInIndex = 1; lastKnownFileType = text.xcconfig; name = "Pods-SocialFeed.debug.xcconfig"; path = "Pods/Target Support Files/Pods-SocialFeed/Pods-SocialFeed.debug.xcconfig"; sourceTree = "<group>"; };
/* End PBXFileReference section */

/* Begin PBXFrameworksBuildPhase section */
		579979C91DD73981001968F4 /* Frameworks */ = {
			isa = PBXFrameworksBuildPhase;
			buildActionMask = 2147483647;
			files = (
				C91C705FBE2B3B85F4D4CD17 /* Pods_SocialFeed.framework in Frameworks */,
			);
			runOnlyForDeploymentPostprocessing = 0;
		};
/* End PBXFrameworksBuildPhase section */

/* Begin PBXGroup section */
		35F60670C15108A72E5FAA1A /* Frameworks */ = {
			isa = PBXGroup;
			children = (
				8B4F9C83F32DE684F4AF0DFF /* Pods_SocialFeed.framework */,
			);
			name = Frameworks;
			sourceTree = "<group>";
		};
		576647771DD7425600A6383E /* Model */ = {
			isa = PBXGroup;
			children = (
			);
			name = Model;
			sourceTree = "<group>";
		};
		576647781DD7425D00A6383E /* View */ = {
			isa = PBXGroup;
			children = (
			);
			name = View;
			sourceTree = "<group>";
		};
		576647791DD7426400A6383E /* Controller */ = {
			isa = PBXGroup;
			children = (
				579979D11DD73981001968F4 /* SignInVC.swift */,
			);
			name = Controller;
			sourceTree = "<group>";
		};
		579979C31DD73981001968F4 = {
			isa = PBXGroup;
			children = (
				579979CE1DD73981001968F4 /* SocialFeed */,
				579979CD1DD73981001968F4 /* Products */,
				742BC97DBA58B591C8DEDF6F /* Pods */,
				35F60670C15108A72E5FAA1A /* Frameworks */,
			);
			sourceTree = "<group>";
		};
		579979CD1DD73981001968F4 /* Products */ = {
			isa = PBXGroup;
			children = (
				579979CC1DD73981001968F4 /* SocialFeed.app */,
			);
			name = Products;
			sourceTree = "<group>";
		};
		579979CE1DD73981001968F4 /* SocialFeed */ = {
			isa = PBXGroup;
			children = (
				576647771DD7425600A6383E /* Model */,
				576647791DD7426400A6383E /* Controller */,
				576647781DD7425D00A6383E /* View */,
				579979CF1DD73981001968F4 /* AppDelegate.swift */,
				579979D31DD73981001968F4 /* Main.storyboard */,
				579979D61DD73981001968F4 /* Assets.xcassets */,
				579979D81DD73981001968F4 /* LaunchScreen.storyboard */,
				579979DB1DD73981001968F4 /* Info.plist */,
				579979E11DD73A62001968F4 /* GoogleService-Info.plist */,
			);
			path = SocialFeed;
			sourceTree = "<group>";
		};
		742BC97DBA58B591C8DEDF6F /* Pods */ = {
			isa = PBXGroup;
			children = (
				A635D866790DDB62462A0B46 /* Pods-SocialFeed.debug.xcconfig */,
				7D1FFBFE1C888FB4B9062693 /* Pods-SocialFeed.release.xcconfig */,
			);
			name = Pods;
			sourceTree = "<group>";
		};
/* End PBXGroup section */

/* Begin PBXNativeTarget section */
		579979CB1DD73981001968F4 /* SocialFeed */ = {
			isa = PBXNativeTarget;
			buildConfigurationList = 579979DE1DD73981001968F4 /* Build configuration list for PBXNativeTarget "SocialFeed" */;
			buildPhases = (
				8B1DAD82029CDEC3B0A2323E /* [CP] Check Pods Manifest.lock */,
				579979C81DD73981001968F4 /* Sources */,
				579979C91DD73981001968F4 /* Frameworks */,
				579979CA1DD73981001968F4 /* Resources */,
				5DE9B113C77091FECA15B8DA /* [CP] Embed Pods Frameworks */,
				474C9CEE0DE69A4254134385 /* [CP] Copy Pods Resources */,
			);
			buildRules = (
			);
			dependencies = (
			);
			name = SocialFeed;
			productName = SocialFeed;
			productReference = 579979CC1DD73981001968F4 /* SocialFeed.app */;
			productType = "com.apple.product-type.application";
		};
/* End PBXNativeTarget section */

/* Begin PBXProject section */
		579979C41DD73981001968F4 /* Project object */ = {
			isa = PBXProject;
			attributes = {
				LastSwiftUpdateCheck = 0800;
				LastUpgradeCheck = 0800;
				ORGANIZATIONNAME = "Christian Deciga";
				TargetAttributes = {
					579979CB1DD73981001968F4 = {
						CreatedOnToolsVersion = 8.0;
						ProvisioningStyle = Automatic;
					};
				};
			};
			buildConfigurationList = 579979C71DD73981001968F4 /* Build configuration list for PBXProject "SocialFeed" */;
			compatibilityVersion = "Xcode 3.2";
			developmentRegion = English;
			hasScannedForEncodings = 0;
			knownRegions = (
				en,
				Base,
			);
			mainGroup = 579979C31DD73981001968F4;
			productRefGroup = 579979CD1DD73981001968F4 /* Products */;
			projectDirPath = "";
			projectRoot = "";
			targets = (
				579979CB1DD73981001968F4 /* SocialFeed */,
			);
		};
/* End PBXProject section */

/* Begin PBXResourcesBuildPhase section */
		579979CA1DD73981001968F4 /* Resources */ = {
			isa = PBXResourcesBuildPhase;
			buildActionMask = 2147483647;
			files = (
				579979DA1DD73981001968F4 /* LaunchScreen.storyboard in Resources */,
				579979E21DD73A62001968F4 /* GoogleService-Info.plist in Resources */,
				579979D71DD73981001968F4 /* Assets.xcassets in Resources */,
				579979D51DD73981001968F4 /* Main.storyboard in Resources */,
			);
			runOnlyForDeploymentPostprocessing = 0;
		};
/* End PBXResourcesBuildPhase section */

/* Begin PBXShellScriptBuildPhase section */
		474C9CEE0DE69A4254134385 /* [CP] Copy Pods Resources */ = {
			isa = PBXShellScriptBuildPhase;
			buildActionMask = 2147483647;
			files = (
			);
			inputPaths = (
			);
			name = "[CP] Copy Pods Resources";
			outputPaths = (
			);
			runOnlyForDeploymentPostprocessing = 0;
			shellPath = /bin/sh;
			shellScript = "\"${SRCROOT}/Pods/Target Support Files/Pods-SocialFeed/Pods-SocialFeed-resources.sh\"\n";
			showEnvVarsInLog = 0;
		};
		5DE9B113C77091FECA15B8DA /* [CP] Embed Pods Frameworks */ = {
			isa = PBXShellScriptBuildPhase;
			buildActionMask = 2147483647;
			files = (
			);
			inputPaths = (
			);
			name = "[CP] Embed Pods Frameworks";
			outputPaths = (
			);
			runOnlyForDeploymentPostprocessing = 0;
			shellPath = /bin/sh;
			shellScript = "\"${SRCROOT}/Pods/Target Support Files/Pods-SocialFeed/Pods-SocialFeed-frameworks.sh\"\n";
			showEnvVarsInLog = 0;
		};
		8B1DAD82029CDEC3B0A2323E /* [CP] Check Pods Manifest.lock */ = {
			isa = PBXShellScriptBuildPhase;
			buildActionMask = 2147483647;
			files = (
			);
			inputPaths = (
			);
			name = "[CP] Check Pods Manifest.lock";
			outputPaths = (
			);
			runOnlyForDeploymentPostprocessing = 0;
			shellPath = /bin/sh;
			shellScript = "diff \"${PODS_ROOT}/../Podfile.lock\" \"${PODS_ROOT}/Manifest.lock\" > /dev/null\nif [ $? != 0 ] ; then\n    # print error to STDERR\n    echo \"error: The sandbox is not in sync with the Podfile.lock. Run 'pod install' or update your CocoaPods installation.\" >&2\n    exit 1\nfi\n";
			showEnvVarsInLog = 0;
		};
/* End PBXShellScriptBuildPhase section */

/* Begin PBXSourcesBuildPhase section */
		579979C81DD73981001968F4 /* Sources */ = {
			isa = PBXSourcesBuildPhase;
			buildActionMask = 2147483647;
			files = (
				579979D21DD73981001968F4 /* SignInVC.swift in Sources */,
				579979D01DD73981001968F4 /* AppDelegate.swift in Sources */,
			);
			runOnlyForDeploymentPostprocessing = 0;
		};
/* End PBXSourcesBuildPhase section */

/* Begin PBXVariantGroup section */
		579979D31DD73981001968F4 /* Main.storyboard */ = {
			isa = PBXVariantGroup;
			children = (
				579979D41DD73981001968F4 /* Base */,
			);
			name = Main.storyboard;
			sourceTree = "<group>";
		};
		579979D81DD73981001968F4 /* LaunchScreen.storyboard */ = {
			isa = PBXVariantGroup;
			children = (
				579979D91DD73981001968F4 /* Base */,
			);
			name = LaunchScreen.storyboard;
			sourceTree = "<group>";
		};
/* End PBXVariantGroup section */

/* Begin XCBuildConfiguration section */
		579979DC1DD73981001968F4 /* Debug */ = {
			isa = XCBuildConfiguration;
			buildSettings = {
				ALWAYS_SEARCH_USER_PATHS = NO;
				CLANG_ANALYZER_NONNULL = YES;
				CLANG_CXX_LANGUAGE_STANDARD = "gnu++0x";
				CLANG_CXX_LIBRARY = "libc++";
				CLANG_ENABLE_MODULES = YES;
				CLANG_ENABLE_OBJC_ARC = YES;
				CLANG_WARN_BOOL_CONVERSION = YES;
				CLANG_WARN_CONSTANT_CONVERSION = YES;
				CLANG_WARN_DIRECT_OBJC_ISA_USAGE = YES_ERROR;
				CLANG_WARN_DOCUMENTATION_COMMENTS = YES;
				CLANG_WARN_EMPTY_BODY = YES;
				CLANG_WARN_ENUM_CONVERSION = YES;
				CLANG_WARN_INFINITE_RECURSION = YES;
				CLANG_WARN_INT_CONVERSION = YES;
				CLANG_WARN_OBJC_ROOT_CLASS = YES_ERROR;
				CLANG_WARN_SUSPICIOUS_MOVES = YES;
				CLANG_WARN_UNREACHABLE_CODE = YES;
				CLANG_WARN__DUPLICATE_METHOD_MATCH = YES;
				"CODE_SIGN_IDENTITY[sdk=iphoneos*]" = "iPhone Developer";
				COPY_PHASE_STRIP = NO;
				DEBUG_INFORMATION_FORMAT = dwarf;
				ENABLE_STRICT_OBJC_MSGSEND = YES;
				ENABLE_TESTABILITY = YES;
				GCC_C_LANGUAGE_STANDARD = gnu99;
				GCC_DYNAMIC_NO_PIC = NO;
				GCC_NO_COMMON_BLOCKS = YES;
				GCC_OPTIMIZATION_LEVEL = 0;
				GCC_PREPROCESSOR_DEFINITIONS = (
					"DEBUG=1",
					"$(inherited)",
				);
				GCC_WARN_64_TO_32_BIT_CONVERSION = YES;
				GCC_WARN_ABOUT_RETURN_TYPE = YES_ERROR;
				GCC_WARN_UNDECLARED_SELECTOR = YES;
				GCC_WARN_UNINITIALIZED_AUTOS = YES_AGGRESSIVE;
				GCC_WARN_UNUSED_FUNCTION = YES;
				GCC_WARN_UNUSED_VARIABLE = YES;
				IPHONEOS_DEPLOYMENT_TARGET = 10.0;
				MTL_ENABLE_DEBUG_INFO = YES;
				ONLY_ACTIVE_ARCH = YES;
				SDKROOT = iphoneos;
				SWIFT_ACTIVE_COMPILATION_CONDITIONS = DEBUG;
				SWIFT_OPTIMIZATION_LEVEL = "-Onone";
				TARGETED_DEVICE_FAMILY = "1,2";
			};
			name = Debug;
		};
		579979DD1DD73981001968F4 /* Release */ = {
			isa = XCBuildConfiguration;
			buildSettings = {
				ALWAYS_SEARCH_USER_PATHS = NO;
				CLANG_ANALYZER_NONNULL = YES;
				CLANG_CXX_LANGUAGE_STANDARD = "gnu++0x";
				CLANG_CXX_LIBRARY = "libc++";
				CLANG_ENABLE_MODULES = YES;
				CLANG_ENABLE_OBJC_ARC = YES;
				CLANG_WARN_BOOL_CONVERSION = YES;
				CLANG_WARN_CONSTANT_CONVERSION = YES;
				CLANG_WARN_DIRECT_OBJC_ISA_USAGE = YES_ERROR;
				CLANG_WARN_DOCUMENTATION_COMMENTS = YES;
				CLANG_WARN_EMPTY_BODY = YES;
				CLANG_WARN_ENUM_CONVERSION = YES;
				CLANG_WARN_INFINITE_RECURSION = YES;
				CLANG_WARN_INT_CONVERSION = YES;
				CLANG_WARN_OBJC_ROOT_CLASS = YES_ERROR;
				CLANG_WARN_SUSPICIOUS_MOVES = YES;
				CLANG_WARN_UNREACHABLE_CODE = YES;
				CLANG_WARN__DUPLICATE_METHOD_MATCH = YES;
				"CODE_SIGN_IDENTITY[sdk=iphoneos*]" = "iPhone Developer";
				COPY_PHASE_STRIP = NO;
				DEBUG_INFORMATION_FORMAT = "dwarf-with-dsym";
				ENABLE_NS_ASSERTIONS = NO;
				ENABLE_STRICT_OBJC_MSGSEND = YES;
				GCC_C_LANGUAGE_STANDARD = gnu99;
				GCC_NO_COMMON_BLOCKS = YES;
				GCC_WARN_64_TO_32_BIT_CONVERSION = YES;
				GCC_WARN_ABOUT_RETURN_TYPE = YES_ERROR;
				GCC_WARN_UNDECLARED_SELECTOR = YES;
				GCC_WARN_UNINITIALIZED_AUTOS = YES_AGGRESSIVE;
				GCC_WARN_UNUSED_FUNCTION = YES;
				GCC_WARN_UNUSED_VARIABLE = YES;
				IPHONEOS_DEPLOYMENT_TARGET = 10.0;
				MTL_ENABLE_DEBUG_INFO = NO;
				SDKROOT = iphoneos;
				SWIFT_OPTIMIZATION_LEVEL = "-Owholemodule";
				TARGETED_DEVICE_FAMILY = "1,2";
				VALIDATE_PRODUCT = YES;
			};
			name = Release;
		};
		579979DF1DD73981001968F4 /* Debug */ = {
			isa = XCBuildConfiguration;
			baseConfigurationReference = A635D866790DDB62462A0B46 /* Pods-SocialFeed.debug.xcconfig */;
			buildSettings = {
				ASSETCATALOG_COMPILER_APPICON_NAME = AppIcon;
				INFOPLIST_FILE = SocialFeed/Info.plist;
				LD_RUNPATH_SEARCH_PATHS = "$(inherited) @executable_path/Frameworks";
				PRODUCT_BUNDLE_IDENTIFIER = Everipedia.SocialFeed;
				PRODUCT_NAME = "$(TARGET_NAME)";
				SWIFT_VERSION = 3.0;
			};
			name = Debug;
		};
		579979E01DD73981001968F4 /* Release */ = {
			isa = XCBuildConfiguration;
			baseConfigurationReference = 7D1FFBFE1C888FB4B9062693 /* Pods-SocialFeed.release.xcconfig */;
			buildSettings = {
				ASSETCATALOG_COMPILER_APPICON_NAME = AppIcon;
				INFOPLIST_FILE = SocialFeed/Info.plist;
				LD_RUNPATH_SEARCH_PATHS = "$(inherited) @executable_path/Frameworks";
				PRODUCT_BUNDLE_IDENTIFIER = Everipedia.SocialFeed;
				PRODUCT_NAME = "$(TARGET_NAME)";
				SWIFT_VERSION = 3.0;
			};
			name = Release;
		};
/* End XCBuildConfiguration section */

/* Begin XCConfigurationList section */
		579979C71DD73981001968F4 /* Build configuration list for PBXProject "SocialFeed" */ = {
			isa = XCConfigurationList;
			buildConfigurations = (
				579979DC1DD73981001968F4 /* Debug */,
				579979DD1DD73981001968F4 /* Release */,
			);
			defaultConfigurationIsVisible = 0;
			defaultConfigurationName = Release;
		};
		579979DE1DD73981001968F4 /* Build configuration list for PBXNativeTarget "SocialFeed" */ = {
			isa = XCConfigurationList;
			buildConfigurations = (
				579979DF1DD73981001968F4 /* Debug */,
				579979E01DD73981001968F4 /* Release */,
			);
			defaultConfigurationIsVisible = 0;
			defaultConfigurationName = Release;
		};
/* End XCConfigurationList section */
	};
	rootObject = 579979C41DD73981001968F4 /* Project object */;
}
